
Microsoft Visual Studio Solution File, Format Version 12.00
# Visual Studio Version 17
VisualStudioVersion = 17.0.31717.71
MinimumVisualStudioVersion = 10.0.40219.1
Project("{9A19103F-16F7-4668-BE54-9A1E7A4F7556}") = "TodoListBlazorWasm", "TodoListBlazorWasm\TodoListBlazorWasm.csproj", "{55EBADD3-872D-4674-A130-D43BF9A8F66A}"
EndProject
Project("{9A19103F-16F7-4668-BE54-9A1E7A4F7556}") = "TodoListBlazor.Api", "TodoListBlazor.Api\TodoListBlazor.Api.csproj", "{EC53B55B-5049-4838-AA97-ECC2CE3F7267}"
EndProject
Project("{9A19103F-16F7-4668-BE54-9A1E7A4F7556}") = "TodoList.Models", "TodoList.Models\TodoList.Models.csproj", "{C7124B76-A170-4D46-9016-E16D4E7B966B}"
EndProject
Global
	GlobalSection(SolutionConfigurationPlatforms) = preSolution
		Debug|Any CPU = Debug|Any CPU
		Release|Any CPU = Release|Any CPU
	EndGlobalSection
	GlobalSection(ProjectConfigurationPlatforms) = postSolution
		{55EBADD3-872D-4674-A130-D43BF9A8F66A}.Debug|Any CPU.ActiveCfg = Debug|Any CPU
		{55EBADD3-872D-4674-A130-D43BF9A8F66A}.Debug|Any CPU.Build.0 = Debug|Any CPU
		{55EBADD3-872D-4674-A130-D43BF9A8F66A}.Release|Any CPU.ActiveCfg = Release|Any CPU
		{55EBADD3-872D-4674-A130-D43BF9A8F66A}.Release|Any CPU.Build.0 = Release|Any CPU
		{EC53B55B-5049-4838-AA97-ECC2CE3F7267}.Debug|Any CPU.ActiveCfg = Debug|Any CPU
		{EC53B55B-5049-4838-AA97-ECC2CE3F7267}.Debug|Any CPU.Build.0 = Debug|Any CPU
		{EC53B55B-5049-4838-AA97-ECC2CE3F7267}.Release|Any CPU.ActiveCfg = Release|Any CPU
		{EC53B55B-5049-4838-AA97-ECC2CE3F7267}.Release|Any CPU.Build.0 = Release|Any CPU
		{C7124B76-A170-4D46-9016-E16D4E7B966B}.Debug|Any CPU.ActiveCfg = Debug|Any CPU
		{C7124B76-A170-4D46-9016-E16D4E7B966B}.Debug|Any CPU.Build.0 = Debug|Any CPU
		{C7124B76-A170-4D46-9016-E16D4E7B966B}.Release|Any CPU.ActiveCfg = Release|Any CPU
		{C7124B76-A170-4D46-9016-E16D4E7B966B}.Release|Any CPU.Build.0 = Release|Any CPU
	EndGlobalSection
	GlobalSection(SolutionProperties) = preSolution
		HideSolutionNode = FALSE
	EndGlobalSection
	GlobalSection(ExtensibilityGlobals) = postSolution
		SolutionGuid = {E746FEA0-CDD9-480C-8250-9B2841B0EB3B}
	EndGlobalSection
EndGlobal
